{
  "name": "jp2-ascii-example",
  "version": "1.0.0",
  "lockfileVersion": 3,
  "requires": true,
  "packages": {
    "": {
      "name": "jp2-ascii-example",
      "version": "1.0.0",
      "dependencies": {
        "jp2-ascii": "file:.."
      }
    },
    "..": {
      "name": "jp2-ascii",
      "version": "1.0.0",
      "license": "MIT"
    },
    "node_modules/jp2-ascii": {
      "resolved": "..",
      "link": true
    }
  }
}
